
Microsoft Visual Studio Solution File, Format Version 12.00
Project("{FAE04EC0-301F-11D3-BF4B-00C04F79EFBC}") = "FunctionLab", "FunctionLab\FunctionLab.csproj", "{979C7CF3-C813-4899-A831-12A5848057CB}"
EndProject
Global
	GlobalSection(SolutionConfigurationPlatforms) = preSolution
		Debug|Any CPU = Debug|Any CPU
		Release|Any CPU = Release|Any CPU
	EndGlobalSection
	GlobalSection(ProjectConfigurationPlatforms) = postSolution
		{979C7CF3-C813-4899-A831-12A5848057CB}.Debug|Any CPU.ActiveCfg = Debug|Any CPU
		{979C7CF3-C813-4899-A831-12A5848057CB}.Debug|Any CPU.Build.0 = Debug|Any CPU
		{979C7CF3-C813-4899-A831-12A5848057CB}.Release|Any CPU.ActiveCfg = Release|Any CPU
		{979C7CF3-C813-4899-A831-12A5848057CB}.Release|Any CPU.Build.0 = Release|Any CPU
	EndGlobalSection
EndGlobal
